<?xml version="1.0" encoding="utf-8"?>
<Project ToolsVersion="4.0" xmlns="http://schemas.microsoft.com/developer/msbuild/2003">
  <ItemGroup>
    <Filter Include="Header Files">
      <UniqueIdentifier>{1b699e12-11bd-42d5-9a1c-1fedb767e28c}</UniqueIdentifier>
      <Extensions>h;hpp;hxx;hm;inl;inc;xsd</Extensions>
    </Filter>
    <Filter Include="Source Files">
      <UniqueIdentifier>{3e7e2d9d-aa67-4c1b-8015-c40dd2b6dcab}</UniqueIdentifier>
      <Extensions>cpp;c;cu;cc;cxx;def;odl;idl;hpj;bat;asm;asmx</Extensions>
    </Filter>
  </ItemGroup>
  <ItemGroup>
    <ClCompile Include="main.cpp">
      <Filter>Source Files</Filter>
    </ClCompile>
    <ClCompile Include="distribution.cpp">
      <Filter>Source Files</Filter>
    </ClCompile>
    <ClCompile Include="util_init.cpp">
      <Filter>Source Files</Filter>
    </ClCompile>
  </ItemGroup>
  <ItemGroup>
    <ClInclude Include="distribution.h">
      <Filter>Header Files</Filter>
    </ClInclude>
    <ClInclude Include="initial_type.h">
      <Filter>Header Files</Filter>
    </ClInclude>
    <ClInclude Include="util_init.h">
      <Filter>Header Files</Filter>
    </ClInclude>
  </ItemGroup>
</Project>